
Microsoft Visual Studio Solution File, Format Version 12.00
# Visual Studio 15
Project("{FAE04EC0-301F-11D3-BF4B-00C04F79EFBC}") = "SalveminiApp.Android", "SalveminiApp.Android\SalveminiApp.Android.csproj", "{409B725E-FF7F-499F-9AD5-0FDFF13D00C2}"
EndProject
Project("{FAE04EC0-301F-11D3-BF4B-00C04F79EFBC}") = "SalveminiApp.iOS", "SalveminiApp.iOS\SalveminiApp.iOS.csproj", "{3A37D601-12D6-4A33-802A-588E2E880D20}"
EndProject
Project("{FAE04EC0-301F-11D3-BF4B-00C04F79EFBC}") = "SalveminiApp", "SalveminiApp\SalveminiApp.csproj", "{EA495D10-0FB6-4E09-9CE2-878D8F97CF1F}"
EndProject
Global
	GlobalSection(SolutionConfigurationPlatforms) = preSolution
		Debug|Any CPU = Debug|Any CPU
		Release|Any CPU = Release|Any CPU
		Debug|iPhoneSimulator = Debug|iPhoneSimulator
		Release|iPhoneSimulator = Release|iPhoneSimulator
		Debug|iPhone = Debug|iPhone
		Release|iPhone = Release|iPhone
	EndGlobalSection
	GlobalSection(ProjectConfigurationPlatforms) = postSolution
		{409B725E-FF7F-499F-9AD5-0FDFF13D00C2}.Debug|Any CPU.ActiveCfg = Debug|Any CPU
		{409B725E-FF7F-499F-9AD5-0FDFF13D00C2}.Debug|Any CPU.Build.0 = Debug|Any CPU
		{409B725E-FF7F-499F-9AD5-0FDFF13D00C2}.Release|Any CPU.ActiveCfg = Release|Any CPU
		{409B725E-FF7F-499F-9AD5-0FDFF13D00C2}.Release|Any CPU.Build.0 = Release|Any CPU
		{409B725E-FF7F-499F-9AD5-0FDFF13D00C2}.Debug|iPhoneSimulator.ActiveCfg = Debug|Any CPU
		{409B725E-FF7F-499F-9AD5-0FDFF13D00C2}.Debug|iPhoneSimulator.Build.0 = Debug|Any CPU
		{409B725E-FF7F-499F-9AD5-0FDFF13D00C2}.Release|iPhoneSimulator.ActiveCfg = Release|Any CPU
		{409B725E-FF7F-499F-9AD5-0FDFF13D00C2}.Release|iPhoneSimulator.Build.0 = Release|Any CPU
		{409B725E-FF7F-499F-9AD5-0FDFF13D00C2}.Debug|iPhone.ActiveCfg = Debug|Any CPU
		{409B725E-FF7F-499F-9AD5-0FDFF13D00C2}.Debug|iPhone.Build.0 = Debug|Any CPU
		{409B725E-FF7F-499F-9AD5-0FDFF13D00C2}.Release|iPhone.ActiveCfg = Release|Any CPU
		{409B725E-FF7F-499F-9AD5-0FDFF13D00C2}.Release|iPhone.Build.0 = Release|Any CPU
		{3A37D601-12D6-4A33-802A-588E2E880D20}.Debug|Any CPU.ActiveCfg = Debug|iPhoneSimulator
		{3A37D601-12D6-4A33-802A-588E2E880D20}.Debug|Any CPU.Build.0 = Debug|iPhoneSimulator
		{3A37D601-12D6-4A33-802A-588E2E880D20}.Release|Any CPU.ActiveCfg = Release|iPhoneSimulator
		{3A37D601-12D6-4A33-802A-588E2E880D20}.Release|Any CPU.Build.0 = Release|iPhoneSimulator
		{3A37D601-12D6-4A33-802A-588E2E880D20}.Debug|iPhoneSimulator.ActiveCfg = Debug|iPhoneSimulator
		{3A37D601-12D6-4A33-802A-588E2E880D20}.Debug|iPhoneSimulator.Build.0 = Debug|iPhoneSimulator
		{3A37D601-12D6-4A33-802A-588E2E880D20}.Release|iPhoneSimulator.ActiveCfg = Release|iPhoneSimulator
		{3A37D601-12D6-4A33-802A-588E2E880D20}.Release|iPhoneSimulator.Build.0 = Release|iPhoneSimulator
		{3A37D601-12D6-4A33-802A-588E2E880D20}.Debug|iPhone.ActiveCfg = Debug|iPhone
		{3A37D601-12D6-4A33-802A-588E2E880D20}.Debug|iPhone.Build.0 = Debug|iPhone
		{3A37D601-12D6-4A33-802A-588E2E880D20}.Release|iPhone.ActiveCfg = Release|iPhone
		{3A37D601-12D6-4A33-802A-588E2E880D20}.Release|iPhone.Build.0 = Release|iPhone
		{EA495D10-0FB6-4E09-9CE2-878D8F97CF1F}.Debug|Any CPU.ActiveCfg = Debug|Any CPU
		{EA495D10-0FB6-4E09-9CE2-878D8F97CF1F}.Debug|Any CPU.Build.0 = Debug|Any CPU
		{EA495D10-0FB6-4E09-9CE2-878D8F97CF1F}.Release|Any CPU.ActiveCfg = Release|Any CPU
		{EA495D10-0FB6-4E09-9CE2-878D8F97CF1F}.Release|Any CPU.Build.0 = Release|Any CPU
		{EA495D10-0FB6-4E09-9CE2-878D8F97CF1F}.Debug|iPhoneSimulator.ActiveCfg = Debug|Any CPU
		{EA495D10-0FB6-4E09-9CE2-878D8F97CF1F}.Debug|iPhoneSimulator.Build.0 = Debug|Any CPU
		{EA495D10-0FB6-4E09-9CE2-878D8F97CF1F}.Release|iPhoneSimulator.ActiveCfg = Release|Any CPU
		{EA495D10-0FB6-4E09-9CE2-878D8F97CF1F}.Release|iPhoneSimulator.Build.0 = Release|Any CPU
		{EA495D10-0FB6-4E09-9CE2-878D8F97CF1F}.Debug|iPhone.ActiveCfg = Debug|Any CPU
		{EA495D10-0FB6-4E09-9CE2-878D8F97CF1F}.Debug|iPhone.Build.0 = Debug|Any CPU
		{EA495D10-0FB6-4E09-9CE2-878D8F97CF1F}.Release|iPhone.ActiveCfg = Release|Any CPU
		{EA495D10-0FB6-4E09-9CE2-878D8F97CF1F}.Release|iPhone.Build.0 = Release|Any CPU
	EndGlobalSection
EndGlobal
