
Microsoft Visual Studio Solution File, Format Version 12.00
# Visual Studio 15
Project("{FAE04EC0-301F-11D3-BF4B-00C04F79EFBC}") = "SalveminiApp.Android", "SalveminiApp.Android\SalveminiApp.Android.csproj", "{A2085821-1FCC-4C51-A60D-4B5617B0AFC6}"
EndProject
Project("{FAE04EC0-301F-11D3-BF4B-00C04F79EFBC}") = "SalveminiApp.iOS", "SalveminiApp.iOS\SalveminiApp.iOS.csproj", "{40272B11-EDCF-4B54-9798-B29C4BB5A1A7}"
EndProject
Project("{D954291E-2A0B-460D-934E-DC6B0785DB48}") = "SalveminiApp", "SalveminiApp\SalveminiApp.shproj", "{64324373-89E1-4F98-936C-89DD544E6268}"
EndProject
Project("{FAE04EC0-301F-11D3-BF4B-00C04F79EFBC}") = "IntentsBindings", "IntentsBindings\IntentsBindings.csproj", "{85DD4908-6CBF-4174-BC82-3AB48E13F556}"
EndProject
Project("{FAE04EC0-301F-11D3-BF4B-00C04F79EFBC}") = "SalveminiAppIntent", "SalveminiAppIntent\SalveminiAppIntent.csproj", "{FC21C3CF-9905-43D8-A0C7-FD03CCE631BE}"
EndProject
Project("{FAE04EC0-301F-11D3-BF4B-00C04F79EFBC}") = "SalveminiAppIntentUI", "SalveminiAppIntentUI\SalveminiAppIntentUI.csproj", "{F8F7EDB2-E92B-47A1-81EA-36A7C9B11E06}"
EndProject
Project("{FAE04EC0-301F-11D3-BF4B-00C04F79EFBC}") = "IntentsKit", "IntentsKit\IntentsKit.csproj", "{9F1F274D-365F-4275-9E85-8B6E68004EDA}"
EndProject
Project("{2150E333-8FDC-42A3-9474-1A3956D46DE8}") = "Solution Items", "Solution Items", "{FAA52C2E-3AA7-4D41-9860-875D72941242}"
EndProject
Global
	GlobalSection(SolutionConfigurationPlatforms) = preSolution
		Debug|Any CPU = Debug|Any CPU
		Release|Any CPU = Release|Any CPU
		Debug|iPhoneSimulator = Debug|iPhoneSimulator
		Release|iPhoneSimulator = Release|iPhoneSimulator
		Debug|iPhone = Debug|iPhone
		Release|iPhone = Release|iPhone
	EndGlobalSection
	GlobalSection(ProjectConfigurationPlatforms) = postSolution
		{A2085821-1FCC-4C51-A60D-4B5617B0AFC6}.Debug|Any CPU.ActiveCfg = Debug|Any CPU
		{A2085821-1FCC-4C51-A60D-4B5617B0AFC6}.Debug|Any CPU.Build.0 = Debug|Any CPU
		{A2085821-1FCC-4C51-A60D-4B5617B0AFC6}.Release|Any CPU.ActiveCfg = Release|Any CPU
		{A2085821-1FCC-4C51-A60D-4B5617B0AFC6}.Release|Any CPU.Build.0 = Release|Any CPU
		{A2085821-1FCC-4C51-A60D-4B5617B0AFC6}.Debug|iPhoneSimulator.ActiveCfg = Debug|Any CPU
		{A2085821-1FCC-4C51-A60D-4B5617B0AFC6}.Debug|iPhoneSimulator.Build.0 = Debug|Any CPU
		{A2085821-1FCC-4C51-A60D-4B5617B0AFC6}.Release|iPhoneSimulator.ActiveCfg = Release|Any CPU
		{A2085821-1FCC-4C51-A60D-4B5617B0AFC6}.Release|iPhoneSimulator.Build.0 = Release|Any CPU
		{A2085821-1FCC-4C51-A60D-4B5617B0AFC6}.Debug|iPhone.ActiveCfg = Debug|Any CPU
		{A2085821-1FCC-4C51-A60D-4B5617B0AFC6}.Debug|iPhone.Build.0 = Debug|Any CPU
		{A2085821-1FCC-4C51-A60D-4B5617B0AFC6}.Release|iPhone.ActiveCfg = Release|Any CPU
		{A2085821-1FCC-4C51-A60D-4B5617B0AFC6}.Release|iPhone.Build.0 = Release|Any CPU
		{40272B11-EDCF-4B54-9798-B29C4BB5A1A7}.Debug|Any CPU.ActiveCfg = Debug|iPhoneSimulator
		{40272B11-EDCF-4B54-9798-B29C4BB5A1A7}.Debug|Any CPU.Build.0 = Debug|iPhoneSimulator
		{40272B11-EDCF-4B54-9798-B29C4BB5A1A7}.Release|Any CPU.ActiveCfg = Release|iPhoneSimulator
		{40272B11-EDCF-4B54-9798-B29C4BB5A1A7}.Release|Any CPU.Build.0 = Release|iPhoneSimulator
		{40272B11-EDCF-4B54-9798-B29C4BB5A1A7}.Debug|iPhoneSimulator.ActiveCfg = Debug|iPhoneSimulator
		{40272B11-EDCF-4B54-9798-B29C4BB5A1A7}.Debug|iPhoneSimulator.Build.0 = Debug|iPhoneSimulator
		{40272B11-EDCF-4B54-9798-B29C4BB5A1A7}.Release|iPhoneSimulator.ActiveCfg = Release|iPhoneSimulator
		{40272B11-EDCF-4B54-9798-B29C4BB5A1A7}.Release|iPhoneSimulator.Build.0 = Release|iPhoneSimulator
		{40272B11-EDCF-4B54-9798-B29C4BB5A1A7}.Debug|iPhone.ActiveCfg = Debug|iPhone
		{40272B11-EDCF-4B54-9798-B29C4BB5A1A7}.Debug|iPhone.Build.0 = Debug|iPhone
		{40272B11-EDCF-4B54-9798-B29C4BB5A1A7}.Release|iPhone.ActiveCfg = Release|iPhone
		{40272B11-EDCF-4B54-9798-B29C4BB5A1A7}.Release|iPhone.Build.0 = Release|iPhone
		{85DD4908-6CBF-4174-BC82-3AB48E13F556}.Debug|Any CPU.ActiveCfg = Debug|Any CPU
		{85DD4908-6CBF-4174-BC82-3AB48E13F556}.Debug|Any CPU.Build.0 = Debug|Any CPU
		{85DD4908-6CBF-4174-BC82-3AB48E13F556}.Release|Any CPU.ActiveCfg = Release|Any CPU
		{85DD4908-6CBF-4174-BC82-3AB48E13F556}.Release|Any CPU.Build.0 = Release|Any CPU
		{85DD4908-6CBF-4174-BC82-3AB48E13F556}.Debug|iPhoneSimulator.ActiveCfg = Debug|Any CPU
		{85DD4908-6CBF-4174-BC82-3AB48E13F556}.Debug|iPhoneSimulator.Build.0 = Debug|Any CPU
		{85DD4908-6CBF-4174-BC82-3AB48E13F556}.Release|iPhoneSimulator.ActiveCfg = Release|Any CPU
		{85DD4908-6CBF-4174-BC82-3AB48E13F556}.Release|iPhoneSimulator.Build.0 = Release|Any CPU
		{85DD4908-6CBF-4174-BC82-3AB48E13F556}.Debug|iPhone.ActiveCfg = Debug|Any CPU
		{85DD4908-6CBF-4174-BC82-3AB48E13F556}.Debug|iPhone.Build.0 = Debug|Any CPU
		{85DD4908-6CBF-4174-BC82-3AB48E13F556}.Release|iPhone.ActiveCfg = Release|Any CPU
		{85DD4908-6CBF-4174-BC82-3AB48E13F556}.Release|iPhone.Build.0 = Release|Any CPU
		{FC21C3CF-9905-43D8-A0C7-FD03CCE631BE}.Debug|Any CPU.ActiveCfg = Debug|iPhoneSimulator
		{FC21C3CF-9905-43D8-A0C7-FD03CCE631BE}.Debug|Any CPU.Build.0 = Debug|iPhoneSimulator
		{FC21C3CF-9905-43D8-A0C7-FD03CCE631BE}.Release|Any CPU.ActiveCfg = Release|iPhoneSimulator
		{FC21C3CF-9905-43D8-A0C7-FD03CCE631BE}.Release|Any CPU.Build.0 = Release|iPhoneSimulator
		{FC21C3CF-9905-43D8-A0C7-FD03CCE631BE}.Debug|iPhoneSimulator.ActiveCfg = Debug|iPhoneSimulator
		{FC21C3CF-9905-43D8-A0C7-FD03CCE631BE}.Debug|iPhoneSimulator.Build.0 = Debug|iPhoneSimulator
		{FC21C3CF-9905-43D8-A0C7-FD03CCE631BE}.Release|iPhoneSimulator.ActiveCfg = Release|iPhoneSimulator
		{FC21C3CF-9905-43D8-A0C7-FD03CCE631BE}.Release|iPhoneSimulator.Build.0 = Release|iPhoneSimulator
		{FC21C3CF-9905-43D8-A0C7-FD03CCE631BE}.Debug|iPhone.ActiveCfg = Debug|iPhone
		{FC21C3CF-9905-43D8-A0C7-FD03CCE631BE}.Debug|iPhone.Build.0 = Debug|iPhone
		{FC21C3CF-9905-43D8-A0C7-FD03CCE631BE}.Release|iPhone.ActiveCfg = Release|iPhone
		{FC21C3CF-9905-43D8-A0C7-FD03CCE631BE}.Release|iPhone.Build.0 = Release|iPhone
		{F8F7EDB2-E92B-47A1-81EA-36A7C9B11E06}.Debug|Any CPU.ActiveCfg = Debug|iPhoneSimulator
		{F8F7EDB2-E92B-47A1-81EA-36A7C9B11E06}.Debug|Any CPU.Build.0 = Debug|iPhoneSimulator
		{F8F7EDB2-E92B-47A1-81EA-36A7C9B11E06}.Release|Any CPU.ActiveCfg = Release|iPhoneSimulator
		{F8F7EDB2-E92B-47A1-81EA-36A7C9B11E06}.Release|Any CPU.Build.0 = Release|iPhoneSimulator
		{F8F7EDB2-E92B-47A1-81EA-36A7C9B11E06}.Debug|iPhoneSimulator.ActiveCfg = Debug|iPhoneSimulator
		{F8F7EDB2-E92B-47A1-81EA-36A7C9B11E06}.Debug|iPhoneSimulator.Build.0 = Debug|iPhoneSimulator
		{F8F7EDB2-E92B-47A1-81EA-36A7C9B11E06}.Release|iPhoneSimulator.ActiveCfg = Release|iPhoneSimulator
		{F8F7EDB2-E92B-47A1-81EA-36A7C9B11E06}.Release|iPhoneSimulator.Build.0 = Release|iPhoneSimulator
		{F8F7EDB2-E92B-47A1-81EA-36A7C9B11E06}.Debug|iPhone.ActiveCfg = Debug|iPhone
		{F8F7EDB2-E92B-47A1-81EA-36A7C9B11E06}.Debug|iPhone.Build.0 = Debug|iPhone
		{F8F7EDB2-E92B-47A1-81EA-36A7C9B11E06}.Release|iPhone.ActiveCfg = Release|iPhone
		{F8F7EDB2-E92B-47A1-81EA-36A7C9B11E06}.Release|iPhone.Build.0 = Release|iPhone
		{9F1F274D-365F-4275-9E85-8B6E68004EDA}.Debug|Any CPU.ActiveCfg = Debug|Any CPU
		{9F1F274D-365F-4275-9E85-8B6E68004EDA}.Debug|Any CPU.Build.0 = Debug|Any CPU
		{9F1F274D-365F-4275-9E85-8B6E68004EDA}.Release|Any CPU.ActiveCfg = Release|Any CPU
		{9F1F274D-365F-4275-9E85-8B6E68004EDA}.Release|Any CPU.Build.0 = Release|Any CPU
		{9F1F274D-365F-4275-9E85-8B6E68004EDA}.Debug|iPhoneSimulator.ActiveCfg = Debug|Any CPU
		{9F1F274D-365F-4275-9E85-8B6E68004EDA}.Debug|iPhoneSimulator.Build.0 = Debug|Any CPU
		{9F1F274D-365F-4275-9E85-8B6E68004EDA}.Release|iPhoneSimulator.ActiveCfg = Release|Any CPU
		{9F1F274D-365F-4275-9E85-8B6E68004EDA}.Release|iPhoneSimulator.Build.0 = Release|Any CPU
		{9F1F274D-365F-4275-9E85-8B6E68004EDA}.Debug|iPhone.ActiveCfg = Debug|Any CPU
		{9F1F274D-365F-4275-9E85-8B6E68004EDA}.Debug|iPhone.Build.0 = Debug|Any CPU
		{9F1F274D-365F-4275-9E85-8B6E68004EDA}.Release|iPhone.ActiveCfg = Release|Any CPU
		{9F1F274D-365F-4275-9E85-8B6E68004EDA}.Release|iPhone.Build.0 = Release|Any CPU
	EndGlobalSection
EndGlobal
