
Microsoft Visual Studio Solution File, Format Version 12.00
# Visual Studio Version 16
VisualStudioVersion = 16.0.30011.22
MinimumVisualStudioVersion = 10.0.40219.1
Project("{9A19103F-16F7-4668-BE54-9A1E7A4F7556}") = "SalveminiApi core", "SalveminiApi core\SalveminiApi core.csproj", "{2345EED2-2124-4C77-BB7E-FC09FD8CA095}"
EndProject
Global
	GlobalSection(SolutionConfigurationPlatforms) = preSolution
		Debug|Any CPU = Debug|Any CPU
		Release|Any CPU = Release|Any CPU
	EndGlobalSection
	GlobalSection(ProjectConfigurationPlatforms) = postSolution
		{2345EED2-2124-4C77-BB7E-FC09FD8CA095}.Debug|Any CPU.ActiveCfg = Debug|Any CPU
		{2345EED2-2124-4C77-BB7E-FC09FD8CA095}.Debug|Any CPU.Build.0 = Debug|Any CPU
		{2345EED2-2124-4C77-BB7E-FC09FD8CA095}.Release|Any CPU.ActiveCfg = Release|Any CPU
		{2345EED2-2124-4C77-BB7E-FC09FD8CA095}.Release|Any CPU.Build.0 = Release|Any CPU
	EndGlobalSection
	GlobalSection(SolutionProperties) = preSolution
		HideSolutionNode = FALSE
	EndGlobalSection
	GlobalSection(ExtensibilityGlobals) = postSolution
		SolutionGuid = {A9F807C3-F174-4280-8A66-1EFA458ABEF6}
	EndGlobalSection
EndGlobal
