
Microsoft Visual Studio Solution File, Format Version 12.00
# Visual Studio 15
Project("{FAE04EC0-301F-11D3-BF4B-00C04F79EFBC}") = "SalveminiApp.iOS", "SalveminiApp.iOS\SalveminiApp.iOS.csproj", "{7BA2BFF9-D218-4EDB-B14D-7D80E62B1D51}"
EndProject
Project("{FAE04EC0-301F-11D3-BF4B-00C04F79EFBC}") = "SalveminiApp.UITests", "SalveminiApp.UITests\SalveminiApp.UITests.csproj", "{B162A69D-2DA2-4422-8C97-D47CFB15B5ED}"
EndProject
Project("{FAE04EC0-301F-11D3-BF4B-00C04F79EFBC}") = "SalveminiApp", "SalveminiApp\SalveminiApp.csproj", "{7283F303-F900-4E5E-AC42-24FE61D2F793}"
EndProject
Project("{FAE04EC0-301F-11D3-BF4B-00C04F79EFBC}") = "SalveminiApp.Android", "SalveminiApp.Android\SalveminiApp.Android.csproj", "{D73F72B5-79E9-4D73-932C-46F5A03C7442}"
EndProject
Global
	GlobalSection(SolutionConfigurationPlatforms) = preSolution
		Debug|Any CPU = Debug|Any CPU
		Release|Any CPU = Release|Any CPU
		Debug|iPhoneSimulator = Debug|iPhoneSimulator
		Release|iPhoneSimulator = Release|iPhoneSimulator
		Debug|iPhone = Debug|iPhone
		Release|iPhone = Release|iPhone
	EndGlobalSection
	GlobalSection(ProjectConfigurationPlatforms) = postSolution
		{7BA2BFF9-D218-4EDB-B14D-7D80E62B1D51}.Debug|Any CPU.ActiveCfg = Debug|iPhoneSimulator
		{7BA2BFF9-D218-4EDB-B14D-7D80E62B1D51}.Debug|Any CPU.Build.0 = Debug|iPhoneSimulator
		{7BA2BFF9-D218-4EDB-B14D-7D80E62B1D51}.Release|Any CPU.ActiveCfg = Release|iPhoneSimulator
		{7BA2BFF9-D218-4EDB-B14D-7D80E62B1D51}.Release|Any CPU.Build.0 = Release|iPhoneSimulator
		{7BA2BFF9-D218-4EDB-B14D-7D80E62B1D51}.Debug|iPhoneSimulator.ActiveCfg = Debug|iPhoneSimulator
		{7BA2BFF9-D218-4EDB-B14D-7D80E62B1D51}.Debug|iPhoneSimulator.Build.0 = Debug|iPhoneSimulator
		{7BA2BFF9-D218-4EDB-B14D-7D80E62B1D51}.Release|iPhoneSimulator.ActiveCfg = Release|iPhoneSimulator
		{7BA2BFF9-D218-4EDB-B14D-7D80E62B1D51}.Release|iPhoneSimulator.Build.0 = Release|iPhoneSimulator
		{7BA2BFF9-D218-4EDB-B14D-7D80E62B1D51}.Debug|iPhone.ActiveCfg = Debug|iPhone
		{7BA2BFF9-D218-4EDB-B14D-7D80E62B1D51}.Debug|iPhone.Build.0 = Debug|iPhone
		{7BA2BFF9-D218-4EDB-B14D-7D80E62B1D51}.Release|iPhone.ActiveCfg = Release|iPhone
		{7BA2BFF9-D218-4EDB-B14D-7D80E62B1D51}.Release|iPhone.Build.0 = Release|iPhone
		{B162A69D-2DA2-4422-8C97-D47CFB15B5ED}.Debug|Any CPU.ActiveCfg = Debug|Any CPU
		{B162A69D-2DA2-4422-8C97-D47CFB15B5ED}.Debug|Any CPU.Build.0 = Debug|Any CPU
		{B162A69D-2DA2-4422-8C97-D47CFB15B5ED}.Release|Any CPU.ActiveCfg = Release|Any CPU
		{B162A69D-2DA2-4422-8C97-D47CFB15B5ED}.Release|Any CPU.Build.0 = Release|Any CPU
		{B162A69D-2DA2-4422-8C97-D47CFB15B5ED}.Debug|iPhoneSimulator.ActiveCfg = Debug|Any CPU
		{B162A69D-2DA2-4422-8C97-D47CFB15B5ED}.Debug|iPhoneSimulator.Build.0 = Debug|Any CPU
		{B162A69D-2DA2-4422-8C97-D47CFB15B5ED}.Release|iPhoneSimulator.ActiveCfg = Release|Any CPU
		{B162A69D-2DA2-4422-8C97-D47CFB15B5ED}.Release|iPhoneSimulator.Build.0 = Release|Any CPU
		{B162A69D-2DA2-4422-8C97-D47CFB15B5ED}.Debug|iPhone.ActiveCfg = Debug|Any CPU
		{B162A69D-2DA2-4422-8C97-D47CFB15B5ED}.Debug|iPhone.Build.0 = Debug|Any CPU
		{B162A69D-2DA2-4422-8C97-D47CFB15B5ED}.Release|iPhone.ActiveCfg = Release|Any CPU
		{B162A69D-2DA2-4422-8C97-D47CFB15B5ED}.Release|iPhone.Build.0 = Release|Any CPU
		{7283F303-F900-4E5E-AC42-24FE61D2F793}.Debug|Any CPU.ActiveCfg = Debug|Any CPU
		{7283F303-F900-4E5E-AC42-24FE61D2F793}.Debug|Any CPU.Build.0 = Debug|Any CPU
		{7283F303-F900-4E5E-AC42-24FE61D2F793}.Release|Any CPU.ActiveCfg = Release|Any CPU
		{7283F303-F900-4E5E-AC42-24FE61D2F793}.Release|Any CPU.Build.0 = Release|Any CPU
		{7283F303-F900-4E5E-AC42-24FE61D2F793}.Debug|iPhoneSimulator.ActiveCfg = Debug|Any CPU
		{7283F303-F900-4E5E-AC42-24FE61D2F793}.Debug|iPhoneSimulator.Build.0 = Debug|Any CPU
		{7283F303-F900-4E5E-AC42-24FE61D2F793}.Release|iPhoneSimulator.ActiveCfg = Release|Any CPU
		{7283F303-F900-4E5E-AC42-24FE61D2F793}.Release|iPhoneSimulator.Build.0 = Release|Any CPU
		{7283F303-F900-4E5E-AC42-24FE61D2F793}.Debug|iPhone.ActiveCfg = Debug|Any CPU
		{7283F303-F900-4E5E-AC42-24FE61D2F793}.Debug|iPhone.Build.0 = Debug|Any CPU
		{7283F303-F900-4E5E-AC42-24FE61D2F793}.Release|iPhone.ActiveCfg = Release|Any CPU
		{7283F303-F900-4E5E-AC42-24FE61D2F793}.Release|iPhone.Build.0 = Release|Any CPU
		{2E7630EE-F1C0-447D-8DF5-38533A9CCDCE}.Debug|Any CPU.ActiveCfg = Debug|Any CPU
		{2E7630EE-F1C0-447D-8DF5-38533A9CCDCE}.Debug|Any CPU.Build.0 = Debug|Any CPU
		{2E7630EE-F1C0-447D-8DF5-38533A9CCDCE}.Release|Any CPU.ActiveCfg = Release|Any CPU
		{2E7630EE-F1C0-447D-8DF5-38533A9CCDCE}.Release|Any CPU.Build.0 = Release|Any CPU
		{2E7630EE-F1C0-447D-8DF5-38533A9CCDCE}.Debug|iPhoneSimulator.ActiveCfg = Debug|Any CPU
		{2E7630EE-F1C0-447D-8DF5-38533A9CCDCE}.Debug|iPhoneSimulator.Build.0 = Debug|Any CPU
		{2E7630EE-F1C0-447D-8DF5-38533A9CCDCE}.Release|iPhoneSimulator.ActiveCfg = Release|Any CPU
		{2E7630EE-F1C0-447D-8DF5-38533A9CCDCE}.Release|iPhoneSimulator.Build.0 = Release|Any CPU
		{2E7630EE-F1C0-447D-8DF5-38533A9CCDCE}.Debug|iPhone.ActiveCfg = Debug|Any CPU
		{2E7630EE-F1C0-447D-8DF5-38533A9CCDCE}.Debug|iPhone.Build.0 = Debug|Any CPU
		{2E7630EE-F1C0-447D-8DF5-38533A9CCDCE}.Release|iPhone.ActiveCfg = Release|Any CPU
		{2E7630EE-F1C0-447D-8DF5-38533A9CCDCE}.Release|iPhone.Build.0 = Release|Any CPU
		{D73F72B5-79E9-4D73-932C-46F5A03C7442}.Debug|Any CPU.ActiveCfg = Debug|Any CPU
		{D73F72B5-79E9-4D73-932C-46F5A03C7442}.Debug|Any CPU.Build.0 = Debug|Any CPU
		{D73F72B5-79E9-4D73-932C-46F5A03C7442}.Release|Any CPU.ActiveCfg = Release|Any CPU
		{D73F72B5-79E9-4D73-932C-46F5A03C7442}.Release|Any CPU.Build.0 = Release|Any CPU
		{D73F72B5-79E9-4D73-932C-46F5A03C7442}.Debug|iPhoneSimulator.ActiveCfg = Debug|Any CPU
		{D73F72B5-79E9-4D73-932C-46F5A03C7442}.Debug|iPhoneSimulator.Build.0 = Debug|Any CPU
		{D73F72B5-79E9-4D73-932C-46F5A03C7442}.Release|iPhoneSimulator.ActiveCfg = Release|Any CPU
		{D73F72B5-79E9-4D73-932C-46F5A03C7442}.Release|iPhoneSimulator.Build.0 = Release|Any CPU
		{D73F72B5-79E9-4D73-932C-46F5A03C7442}.Debug|iPhone.ActiveCfg = Debug|Any CPU
		{D73F72B5-79E9-4D73-932C-46F5A03C7442}.Debug|iPhone.Build.0 = Debug|Any CPU
		{D73F72B5-79E9-4D73-932C-46F5A03C7442}.Release|iPhone.ActiveCfg = Release|Any CPU
		{D73F72B5-79E9-4D73-932C-46F5A03C7442}.Release|iPhone.Build.0 = Release|Any CPU
	EndGlobalSection
EndGlobal
